
Microsoft Visual Studio Solution File, Format Version 12.00
# Visual Studio Version 17
VisualStudioVersion = 17.1.32414.318
MinimumVisualStudioVersion = 10.0.40219.1
Project("{9A19103F-16F7-4668-BE54-9A1E7A4F7556}") = "ProgrammersCodingTest", "ProgrammersCodingTest\ProgrammersCodingTest.csproj", "{0E8D4B93-E54D-49A8-A70C-331D511EBB0F}"
EndProject
Project("{2150E333-8FDC-42A3-9474-1A3956D46DE8}") = "Solution Items", "Solution Items", "{DE6BFA44-8014-4DA0-B6B5-724FF95B44BC}"
	ProjectSection(SolutionItems) = preProject
		.editorconfig = .editorconfig
	EndProjectSection
EndProject
Global
	GlobalSection(SolutionConfigurationPlatforms) = preSolution
		Debug|Any CPU = Debug|Any CPU
		Release|Any CPU = Release|Any CPU
	EndGlobalSection
	GlobalSection(ProjectConfigurationPlatforms) = postSolution
		{0E8D4B93-E54D-49A8-A70C-331D511EBB0F}.Debug|Any CPU.ActiveCfg = Debug|Any CPU
		{0E8D4B93-E54D-49A8-A70C-331D511EBB0F}.Debug|Any CPU.Build.0 = Debug|Any CPU
		{0E8D4B93-E54D-49A8-A70C-331D511EBB0F}.Release|Any CPU.ActiveCfg = Release|Any CPU
		{0E8D4B93-E54D-49A8-A70C-331D511EBB0F}.Release|Any CPU.Build.0 = Release|Any CPU
	EndGlobalSection
	GlobalSection(SolutionProperties) = preSolution
		HideSolutionNode = FALSE
	EndGlobalSection
	GlobalSection(ExtensibilityGlobals) = postSolution
		SolutionGuid = {C9417FE9-E6E2-40B2-84F4-90DE5BEB38AF}
	EndGlobalSection
EndGlobal
